// !$*UTF8*$!
{
	archiveVersion = 1;
	classes = {
	};
	objectVersion = 50;
	objects = {

/* Begin PBXBuildFile section */
		962EA1CD23ACD6F200E77F44 /* SavedTableViewCell.swift in Sources */ = {isa = PBXBuildFile; fileRef = 962EA1CC23ACD6F200E77F44 /* SavedTableViewCell.swift */; };
		962EA1D023ACE65000E77F44 /* Alert-Ext.swift in Sources */ = {isa = PBXBuildFile; fileRef = 962EA1CF23ACE65000E77F44 /* Alert-Ext.swift */; };
		AC1728CD23AC0BE200296960 /* AppDelegate.swift in Sources */ = {isa = PBXBuildFile; fileRef = AC1728CC23AC0BE200296960 /* AppDelegate.swift */; };
		AC1728CF23AC0BE200296960 /* SceneDelegate.swift in Sources */ = {isa = PBXBuildFile; fileRef = AC1728CE23AC0BE200296960 /* SceneDelegate.swift */; };
		AC1728D423AC0BE200296960 /* Main.storyboard in Resources */ = {isa = PBXBuildFile; fileRef = AC1728D223AC0BE200296960 /* Main.storyboard */; };
		AC1728D723AC0BE200296960 /* QRgenerator.xcdatamodeld in Sources */ = {isa = PBXBuildFile; fileRef = AC1728D523AC0BE200296960 /* QRgenerator.xcdatamodeld */; };
		AC1728D923AC0BEC00296960 /* Assets.xcassets in Resources */ = {isa = PBXBuildFile; fileRef = AC1728D823AC0BEC00296960 /* Assets.xcassets */; };
		AC1728DC23AC0BEC00296960 /* LaunchScreen.storyboard in Resources */ = {isa = PBXBuildFile; fileRef = AC1728DA23AC0BEC00296960 /* LaunchScreen.storyboard */; };
		AC1728E723AC0C6B00296960 /* GeneratorViewController.swift in Sources */ = {isa = PBXBuildFile; fileRef = AC1728E623AC0C6B00296960 /* GeneratorViewController.swift */; };
		AC1728E923AC241A00296960 /* SavedTableViewController.swift in Sources */ = {isa = PBXBuildFile; fileRef = AC1728E823AC241A00296960 /* SavedTableViewController.swift */; };
		AC9E2CBF23AD0B5C0095064A /* DetailViewController.swift in Sources */ = {isa = PBXBuildFile; fileRef = AC9E2CBE23AD0B5C0095064A /* DetailViewController.swift */; };
/* End PBXBuildFile section */

/* Begin PBXFileReference section */
		962EA1CC23ACD6F200E77F44 /* SavedTableViewCell.swift */ = {isa = PBXFileReference; lastKnownFileType = sourcecode.swift; path = SavedTableViewCell.swift; sourceTree = "<group>"; };
		962EA1CF23ACE65000E77F44 /* Alert-Ext.swift */ = {isa = PBXFileReference; lastKnownFileType = sourcecode.swift; path = "Alert-Ext.swift"; sourceTree = "<group>"; };
		AC1728C923AC0BE200296960 /* QRgenerator.app */ = {isa = PBXFileReference; explicitFileType = wrapper.application; includeInIndex = 0; path = QRgenerator.app; sourceTree = BUILT_PRODUCTS_DIR; };
		AC1728CC23AC0BE200296960 /* AppDelegate.swift */ = {isa = PBXFileReference; lastKnownFileType = sourcecode.swift; path = AppDelegate.swift; sourceTree = "<group>"; };
		AC1728CE23AC0BE200296960 /* SceneDelegate.swift */ = {isa = PBXFileReference; lastKnownFileType = sourcecode.swift; path = SceneDelegate.swift; sourceTree = "<group>"; };
		AC1728D323AC0BE200296960 /* Base */ = {isa = PBXFileReference; lastKnownFileType = file.storyboard; name = Base; path = Base.lproj/Main.storyboard; sourceTree = "<group>"; };
		AC1728D623AC0BE200296960 /* QRgenerator.xcdatamodel */ = {isa = PBXFileReference; lastKnownFileType = wrapper.xcdatamodel; path = QRgenerator.xcdatamodel; sourceTree = "<group>"; };
		AC1728D823AC0BEC00296960 /* Assets.xcassets */ = {isa = PBXFileReference; lastKnownFileType = folder.assetcatalog; path = Assets.xcassets; sourceTree = "<group>"; };
		AC1728DB23AC0BEC00296960 /* Base */ = {isa = PBXFileReference; lastKnownFileType = file.storyboard; name = Base; path = Base.lproj/LaunchScreen.storyboard; sourceTree = "<group>"; };
		AC1728DD23AC0BEC00296960 /* Info.plist */ = {isa = PBXFileReference; lastKnownFileType = text.plist.xml; path = Info.plist; sourceTree = "<group>"; };
		AC1728E623AC0C6B00296960 /* GeneratorViewController.swift */ = {isa = PBXFileReference; lastKnownFileType = sourcecode.swift; path = GeneratorViewController.swift; sourceTree = "<group>"; };
		AC1728E823AC241A00296960 /* SavedTableViewController.swift */ = {isa = PBXFileReference; lastKnownFileType = sourcecode.swift; path = SavedTableViewController.swift; sourceTree = "<group>"; };
		AC9E2CBE23AD0B5C0095064A /* DetailViewController.swift */ = {isa = PBXFileReference; lastKnownFileType = sourcecode.swift; path = DetailViewController.swift; sourceTree = "<group>"; };
/* End PBXFileReference section */

/* Begin PBXFrameworksBuildPhase section */
		AC1728C623AC0BE200296960 /* Frameworks */ = {
			isa = PBXFrameworksBuildPhase;
			buildActionMask = 2147483647;
			files = (
			);
			runOnlyForDeploymentPostprocessing = 0;
		};
/* End PBXFrameworksBuildPhase section */

/* Begin PBXGroup section */
		962EA1CE23ACE5F800E77F44 /* Extension */ = {
			isa = PBXGroup;
			children = (
				962EA1CF23ACE65000E77F44 /* Alert-Ext.swift */,
			);
			path = Extension;
			sourceTree = "<group>";
		};
		AC1728C023AC0BE200296960 = {
			isa = PBXGroup;
			children = (
				AC1728CB23AC0BE200296960 /* QRgenerator */,
				AC1728CA23AC0BE200296960 /* Products */,
			);
			sourceTree = "<group>";
		};
		AC1728CA23AC0BE200296960 /* Products */ = {
			isa = PBXGroup;
			children = (
				AC1728C923AC0BE200296960 /* QRgenerator.app */,
			);
			name = Products;
			sourceTree = "<group>";
		};
		AC1728CB23AC0BE200296960 /* QRgenerator */ = {
			isa = PBXGroup;
			children = (
				962EA1CE23ACE5F800E77F44 /* Extension */,
				AC1728E323AC0C2000296960 /* Delegates */,
				AC1728E523AC0C4800296960 /* Controllers */,
				AC1728E423AC0C3100296960 /* Views */,
				AC1728D823AC0BEC00296960 /* Assets.xcassets */,
				AC1728DD23AC0BEC00296960 /* Info.plist */,
				AC1728D523AC0BE200296960 /* QRgenerator.xcdatamodeld */,
			);
			path = QRgenerator;
			sourceTree = "<group>";
		};
		AC1728E323AC0C2000296960 /* Delegates */ = {
			isa = PBXGroup;
			children = (
				AC1728CC23AC0BE200296960 /* AppDelegate.swift */,
				AC1728CE23AC0BE200296960 /* SceneDelegate.swift */,
			);
			path = Delegates;
			sourceTree = "<group>";
		};
		AC1728E423AC0C3100296960 /* Views */ = {
			isa = PBXGroup;
			children = (
				AC1728D223AC0BE200296960 /* Main.storyboard */,
				AC1728DA23AC0BEC00296960 /* LaunchScreen.storyboard */,
			);
			path = Views;
			sourceTree = "<group>";
		};
		AC1728E523AC0C4800296960 /* Controllers */ = {
			isa = PBXGroup;
			children = (
				AC1728E623AC0C6B00296960 /* GeneratorViewController.swift */,
				AC1728E823AC241A00296960 /* SavedTableViewController.swift */,
				962EA1CC23ACD6F200E77F44 /* SavedTableViewCell.swift */,
				AC9E2CBE23AD0B5C0095064A /* DetailViewController.swift */,
			);
			path = Controllers;
			sourceTree = "<group>";
		};
/* End PBXGroup section */

/* Begin PBXNativeTarget section */
		AC1728C823AC0BE200296960 /* QRgenerator */ = {
			isa = PBXNativeTarget;
			buildConfigurationList = AC1728E023AC0BEC00296960 /* Build configuration list for PBXNativeTarget "QRgenerator" */;
			buildPhases = (
				AC1728C523AC0BE200296960 /* Sources */,
				AC1728C623AC0BE200296960 /* Frameworks */,
				AC1728C723AC0BE200296960 /* Resources */,
			);
			buildRules = (
			);
			dependencies = (
			);
			name = QRgenerator;
			productName = QRgenerator;
			productReference = AC1728C923AC0BE200296960 /* QRgenerator.app */;
			productType = "com.apple.product-type.application";
		};
/* End PBXNativeTarget section */

/* Begin PBXProject section */
		AC1728C123AC0BE200296960 /* Project object */ = {
			isa = PBXProject;
			attributes = {
				LastSwiftUpdateCheck = 1110;
				LastUpgradeCheck = 1110;
				ORGANIZATIONNAME = "Artjoms Vorona";
				TargetAttributes = {
					AC1728C823AC0BE200296960 = {
						CreatedOnToolsVersion = 11.1;
					};
				};
			};
			buildConfigurationList = AC1728C423AC0BE200296960 /* Build configuration list for PBXProject "QRgenerator" */;
			compatibilityVersion = "Xcode 9.3";
			developmentRegion = en;
			hasScannedForEncodings = 0;
			knownRegions = (
				en,
				Base,
			);
			mainGroup = AC1728C023AC0BE200296960;
			productRefGroup = AC1728CA23AC0BE200296960 /* Products */;
			projectDirPath = "";
			projectRoot = "";
			targets = (
				AC1728C823AC0BE200296960 /* QRgenerator */,
			);
		};
/* End PBXProject section */

/* Begin PBXResourcesBuildPhase section */
		AC1728C723AC0BE200296960 /* Resources */ = {
			isa = PBXResourcesBuildPhase;
			buildActionMask = 2147483647;
			files = (
				AC1728DC23AC0BEC00296960 /* LaunchScreen.storyboard in Resources */,
				AC1728D923AC0BEC00296960 /* Assets.xcassets in Resources */,
				AC1728D423AC0BE200296960 /* Main.storyboard in Resources */,
			);
			runOnlyForDeploymentPostprocessing = 0;
		};
/* End PBXResourcesBuildPhase section */

/* Begin PBXSourcesBuildPhase section */
		AC1728C523AC0BE200296960 /* Sources */ = {
			isa = PBXSourcesBuildPhase;
			buildActionMask = 2147483647;
			files = (
				962EA1D023ACE65000E77F44 /* Alert-Ext.swift in Sources */,
				AC1728CD23AC0BE200296960 /* AppDelegate.swift in Sources */,
				AC1728D723AC0BE200296960 /* QRgenerator.xcdatamodeld in Sources */,
				AC1728E723AC0C6B00296960 /* GeneratorViewController.swift in Sources */,
				AC1728E923AC241A00296960 /* SavedTableViewController.swift in Sources */,
				AC1728CF23AC0BE200296960 /* SceneDelegate.swift in Sources */,
				962EA1CD23ACD6F200E77F44 /* SavedTableViewCell.swift in Sources */,
				AC9E2CBF23AD0B5C0095064A /* DetailViewController.swift in Sources */,
			);
			runOnlyForDeploymentPostprocessing = 0;
		};
/* End PBXSourcesBuildPhase section */

/* Begin PBXVariantGroup section */
		AC1728D223AC0BE200296960 /* Main.storyboard */ = {
			isa = PBXVariantGroup;
			children = (
				AC1728D323AC0BE200296960 /* Base */,
			);
			name = Main.storyboard;
			sourceTree = "<group>";
		};
		AC1728DA23AC0BEC00296960 /* LaunchScreen.storyboard */ = {
			isa = PBXVariantGroup;
			children = (
				AC1728DB23AC0BEC00296960 /* Base */,
			);
			name = LaunchScreen.storyboard;
			sourceTree = "<group>";
		};
/* End PBXVariantGroup section */

/* Begin XCBuildConfiguration section */
		AC1728DE23AC0BEC00296960 /* Debug */ = {
			isa = XCBuildConfiguration;
			buildSettings = {
				ALWAYS_SEARCH_USER_PATHS = NO;
				CLANG_ANALYZER_NONNULL = YES;
				CLANG_ANALYZER_NUMBER_OBJECT_CONVERSION = YES_AGGRESSIVE;
				CLANG_CXX_LANGUAGE_STANDARD = "gnu++14";
				CLANG_CXX_LIBRARY = "libc++";
				CLANG_ENABLE_MODULES = YES;
				CLANG_ENABLE_OBJC_ARC = YES;
				CLANG_ENABLE_OBJC_WEAK = YES;
				CLANG_WARN_BLOCK_CAPTURE_AUTORELEASING = YES;
				CLANG_WARN_BOOL_CONVERSION = YES;
				CLANG_WARN_COMMA = YES;
				CLANG_WARN_CONSTANT_CONVERSION = YES;
				CLANG_WARN_DEPRECATED_OBJC_IMPLEMENTATIONS = YES;
				CLANG_WARN_DIRECT_OBJC_ISA_USAGE = YES_ERROR;
				CLANG_WARN_DOCUMENTATION_COMMENTS = YES;
				CLANG_WARN_EMPTY_BODY = YES;
				CLANG_WARN_ENUM_CONVERSION = YES;
				CLANG_WARN_INFINITE_RECURSION = YES;
				CLANG_WARN_INT_CONVERSION = YES;
				CLANG_WARN_NON_LITERAL_NULL_CONVERSION = YES;
				CLANG_WARN_OBJC_IMPLICIT_RETAIN_SELF = YES;
				CLANG_WARN_OBJC_LITERAL_CONVERSION = YES;
				CLANG_WARN_OBJC_ROOT_CLASS = YES_ERROR;
				CLANG_WARN_RANGE_LOOP_ANALYSIS = YES;
				CLANG_WARN_STRICT_PROTOTYPES = YES;
				CLANG_WARN_SUSPICIOUS_MOVE = YES;
				CLANG_WARN_UNGUARDED_AVAILABILITY = YES_AGGRESSIVE;
				CLANG_WARN_UNREACHABLE_CODE = YES;
				CLANG_WARN__DUPLICATE_METHOD_MATCH = YES;
				COPY_PHASE_STRIP = NO;
				DEBUG_INFORMATION_FORMAT = dwarf;
				ENABLE_STRICT_OBJC_MSGSEND = YES;
				ENABLE_TESTABILITY = YES;
				GCC_C_LANGUAGE_STANDARD = gnu11;
				GCC_DYNAMIC_NO_PIC = NO;
				GCC_NO_COMMON_BLOCKS = YES;
				GCC_OPTIMIZATION_LEVEL = 0;
				GCC_PREPROCESSOR_DEFINITIONS = (
					"DEBUG=1",
					"$(inherited)",
				);
				GCC_WARN_64_TO_32_BIT_CONVERSION = YES;
				GCC_WARN_ABOUT_RETURN_TYPE = YES_ERROR;
				GCC_WARN_UNDECLARED_SELECTOR = YES;
				GCC_WARN_UNINITIALIZED_AUTOS = YES_AGGRESSIVE;
				GCC_WARN_UNUSED_FUNCTION = YES;
				GCC_WARN_UNUSED_VARIABLE = YES;
				IPHONEOS_DEPLOYMENT_TARGET = 13.1;
				MTL_ENABLE_DEBUG_INFO = INCLUDE_SOURCE;
				MTL_FAST_MATH = YES;
				ONLY_ACTIVE_ARCH = YES;
				SDKROOT = iphoneos;
				SWIFT_ACTIVE_COMPILATION_CONDITIONS = DEBUG;
				SWIFT_OPTIMIZATION_LEVEL = "-Onone";
			};
			name = Debug;
		};
		AC1728DF23AC0BEC00296960 /* Release */ = {
			isa = XCBuildConfiguration;
			buildSettings = {
				ALWAYS_SEARCH_USER_PATHS = NO;
				CLANG_ANALYZER_NONNULL = YES;
				CLANG_ANALYZER_NUMBER_OBJECT_CONVERSION = YES_AGGRESSIVE;
				CLANG_CXX_LANGUAGE_STANDARD = "gnu++14";
				CLANG_CXX_LIBRARY = "libc++";
				CLANG_ENABLE_MODULES = YES;
				CLANG_ENABLE_OBJC_ARC = YES;
				CLANG_ENABLE_OBJC_WEAK = YES;
				CLANG_WARN_BLOCK_CAPTURE_AUTORELEASING = YES;
				CLANG_WARN_BOOL_CONVERSION = YES;
				CLANG_WARN_COMMA = YES;
				CLANG_WARN_CONSTANT_CONVERSION = YES;
				CLANG_WARN_DEPRECATED_OBJC_IMPLEMENTATIONS = YES;
				CLANG_WARN_DIRECT_OBJC_ISA_USAGE = YES_ERROR;
				CLANG_WARN_DOCUMENTATION_COMMENTS = YES;
				CLANG_WARN_EMPTY_BODY = YES;
				CLANG_WARN_ENUM_CONVERSION = YES;
				CLANG_WARN_INFINITE_RECURSION = YES;
				CLANG_WARN_INT_CONVERSION = YES;
				CLANG_WARN_NON_LITERAL_NULL_CONVERSION = YES;
				CLANG_WARN_OBJC_IMPLICIT_RETAIN_SELF = YES;
				CLANG_WARN_OBJC_LITERAL_CONVERSION = YES;
				CLANG_WARN_OBJC_ROOT_CLASS = YES_ERROR;
				CLANG_WARN_RANGE_LOOP_ANALYSIS = YES;
				CLANG_WARN_STRICT_PROTOTYPES = YES;
				CLANG_WARN_SUSPICIOUS_MOVE = YES;
				CLANG_WARN_UNGUARDED_AVAILABILITY = YES_AGGRESSIVE;
				CLANG_WARN_UNREACHABLE_CODE = YES;
				CLANG_WARN__DUPLICATE_METHOD_MATCH = YES;
				COPY_PHASE_STRIP = NO;
				DEBUG_INFORMATION_FORMAT = "dwarf-with-dsym";
				ENABLE_NS_ASSERTIONS = NO;
				ENABLE_STRICT_OBJC_MSGSEND = YES;
				GCC_C_LANGUAGE_STANDARD = gnu11;
				GCC_NO_COMMON_BLOCKS = YES;
				GCC_WARN_64_TO_32_BIT_CONVERSION = YES;
				GCC_WARN_ABOUT_RETURN_TYPE = YES_ERROR;
				GCC_WARN_UNDECLARED_SELECTOR = YES;
				GCC_WARN_UNINITIALIZED_AUTOS = YES_AGGRESSIVE;
				GCC_WARN_UNUSED_FUNCTION = YES;
				GCC_WARN_UNUSED_VARIABLE = YES;
				IPHONEOS_DEPLOYMENT_TARGET = 13.1;
				MTL_ENABLE_DEBUG_INFO = NO;
				MTL_FAST_MATH = YES;
				SDKROOT = iphoneos;
				SWIFT_COMPILATION_MODE = wholemodule;
				SWIFT_OPTIMIZATION_LEVEL = "-O";
				VALIDATE_PRODUCT = YES;
			};
			name = Release;
		};
		AC1728E123AC0BEC00296960 /* Debug */ = {
			isa = XCBuildConfiguration;
			buildSettings = {
				ASSETCATALOG_COMPILER_APPICON_NAME = AppIcon;
				CODE_SIGN_STYLE = Automatic;
				DEVELOPMENT_TEAM = T79XLB42B4;
				INFOPLIST_FILE = QRgenerator/Info.plist;
				LD_RUNPATH_SEARCH_PATHS = (
					"$(inherited)",
					"@executable_path/Frameworks",
				);
				PRODUCT_BUNDLE_IDENTIFIER = "-.QRgenerator";
				PRODUCT_NAME = "$(TARGET_NAME)";
				SWIFT_VERSION = 5.0;
				TARGETED_DEVICE_FAMILY = "1,2";
			};
			name = Debug;
		};
		AC1728E223AC0BEC00296960 /* Release */ = {
			isa = XCBuildConfiguration;
			buildSettings = {
				ASSETCATALOG_COMPILER_APPICON_NAME = AppIcon;
				CODE_SIGN_STYLE = Automatic;
				DEVELOPMENT_TEAM = T79XLB42B4;
				INFOPLIST_FILE = QRgenerator/Info.plist;
				LD_RUNPATH_SEARCH_PATHS = (
					"$(inherited)",
					"@executable_path/Frameworks",
				);
				PRODUCT_BUNDLE_IDENTIFIER = "-.QRgenerator";
				PRODUCT_NAME = "$(TARGET_NAME)";
				SWIFT_VERSION = 5.0;
				TARGETED_DEVICE_FAMILY = "1,2";
			};
			name = Release;
		};
/* End XCBuildConfiguration section */

/* Begin XCConfigurationList section */
		AC1728C423AC0BE200296960 /* Build configuration list for PBXProject "QRgenerator" */ = {
			isa = XCConfigurationList;
			buildConfigurations = (
				AC1728DE23AC0BEC00296960 /* Debug */,
				AC1728DF23AC0BEC00296960 /* Release */,
			);
			defaultConfigurationIsVisible = 0;
			defaultConfigurationName = Release;
		};
		AC1728E023AC0BEC00296960 /* Build configuration list for PBXNativeTarget "QRgenerator" */ = {
			isa = XCConfigurationList;
			buildConfigurations = (
				AC1728E123AC0BEC00296960 /* Debug */,
				AC1728E223AC0BEC00296960 /* Release */,
			);
			defaultConfigurationIsVisible = 0;
			defaultConfigurationName = Release;
		};
/* End XCConfigurationList section */

/* Begin XCVersionGroup section */
		AC1728D523AC0BE200296960 /* QRgenerator.xcdatamodeld */ = {
			isa = XCVersionGroup;
			children = (
				AC1728D623AC0BE200296960 /* QRgenerator.xcdatamodel */,
			);
			currentVersion = AC1728D623AC0BE200296960 /* QRgenerator.xcdatamodel */;
			path = QRgenerator.xcdatamodeld;
			sourceTree = "<group>";
			versionGroupType = wrapper.xcdatamodel;
		};
/* End XCVersionGroup section */
	};
	rootObject = AC1728C123AC0BE200296960 /* Project object */;
}
